
Microsoft Visual Studio Solution File, Format Version 12.00
# Visual Studio Version 17
VisualStudioVersion = 17.6.33723.286
MinimumVisualStudioVersion = 10.0.40219.1
Project("{9A19103F-16F7-4668-BE54-9A1E7A4F7556}") = "MyMoneyManager.Api", "src\MyMoneyManager.Api\MyMoneyManager.Api.csproj", "{28949D7A-73D0-4BBB-A027-26C9C6924A68}"
EndProject
Project("{2150E333-8FDC-42A3-9474-1A3956D46DE8}") = "src", "src", "{39F93638-504C-4B8C-B70F-25E8E562FF4C}"
EndProject
Project("{9A19103F-16F7-4668-BE54-9A1E7A4F7556}") = "MyMoneyManager.Domain", "src\MyMoneyManager.Domain\MyMoneyManager.Domain.csproj", "{26CBB710-8264-4F3E-8A0C-6348D1558FCC}"
EndProject
Project("{9A19103F-16F7-4668-BE54-9A1E7A4F7556}") = "MyMoneyManager.Infrastructure", "src\MyMoneyManager.Infrastructure\MyMoneyManager.Infrastructure.csproj", "{4EA41720-0811-41AB-AE68-A4DFDFCCA496}"
EndProject
Project("{9A19103F-16F7-4668-BE54-9A1E7A4F7556}") = "MyMoneyManager.Application", "src\MyMoneyManager.Application\MyMoneyManager.Application.csproj", "{737C9A98-439A-4C1E-AC6F-F7B5798FDABB}"
EndProject
Project("{9A19103F-16F7-4668-BE54-9A1E7A4F7556}") = "MyMoneyManager.WebApp", "src\MyMoneyManager.WebApp\MyMoneyManager.WebApp.csproj", "{86BF9401-9829-4E7B-AE5A-4F02F6FF175F}"
EndProject
Project("{2150E333-8FDC-42A3-9474-1A3956D46DE8}") = "Elementos de la solución", "Elementos de la solución", "{5ABD6049-377A-42CE-9F7D-7CD804E79EA1}"
	ProjectSection(SolutionItems) = preProject
		.editorconfig = .editorconfig
		Directory.Build.props = Directory.Build.props
		Directory.Packages.props = Directory.Packages.props
		global.json = global.json
	EndProjectSection
EndProject
Global
	GlobalSection(SolutionConfigurationPlatforms) = preSolution
		Debug|Any CPU = Debug|Any CPU
		Release|Any CPU = Release|Any CPU
	EndGlobalSection
	GlobalSection(ProjectConfigurationPlatforms) = postSolution
		{28949D7A-73D0-4BBB-A027-26C9C6924A68}.Debug|Any CPU.ActiveCfg = Debug|Any CPU
		{28949D7A-73D0-4BBB-A027-26C9C6924A68}.Debug|Any CPU.Build.0 = Debug|Any CPU
		{28949D7A-73D0-4BBB-A027-26C9C6924A68}.Release|Any CPU.ActiveCfg = Release|Any CPU
		{28949D7A-73D0-4BBB-A027-26C9C6924A68}.Release|Any CPU.Build.0 = Release|Any CPU
		{26CBB710-8264-4F3E-8A0C-6348D1558FCC}.Debug|Any CPU.ActiveCfg = Debug|Any CPU
		{26CBB710-8264-4F3E-8A0C-6348D1558FCC}.Debug|Any CPU.Build.0 = Debug|Any CPU
		{26CBB710-8264-4F3E-8A0C-6348D1558FCC}.Release|Any CPU.ActiveCfg = Release|Any CPU
		{26CBB710-8264-4F3E-8A0C-6348D1558FCC}.Release|Any CPU.Build.0 = Release|Any CPU
		{4EA41720-0811-41AB-AE68-A4DFDFCCA496}.Debug|Any CPU.ActiveCfg = Debug|Any CPU
		{4EA41720-0811-41AB-AE68-A4DFDFCCA496}.Debug|Any CPU.Build.0 = Debug|Any CPU
		{4EA41720-0811-41AB-AE68-A4DFDFCCA496}.Release|Any CPU.ActiveCfg = Release|Any CPU
		{4EA41720-0811-41AB-AE68-A4DFDFCCA496}.Release|Any CPU.Build.0 = Release|Any CPU
		{737C9A98-439A-4C1E-AC6F-F7B5798FDABB}.Debug|Any CPU.ActiveCfg = Debug|Any CPU
		{737C9A98-439A-4C1E-AC6F-F7B5798FDABB}.Debug|Any CPU.Build.0 = Debug|Any CPU
		{737C9A98-439A-4C1E-AC6F-F7B5798FDABB}.Release|Any CPU.ActiveCfg = Release|Any CPU
		{737C9A98-439A-4C1E-AC6F-F7B5798FDABB}.Release|Any CPU.Build.0 = Release|Any CPU
		{86BF9401-9829-4E7B-AE5A-4F02F6FF175F}.Debug|Any CPU.ActiveCfg = Debug|Any CPU
		{86BF9401-9829-4E7B-AE5A-4F02F6FF175F}.Debug|Any CPU.Build.0 = Debug|Any CPU
		{86BF9401-9829-4E7B-AE5A-4F02F6FF175F}.Release|Any CPU.ActiveCfg = Release|Any CPU
		{86BF9401-9829-4E7B-AE5A-4F02F6FF175F}.Release|Any CPU.Build.0 = Release|Any CPU
	EndGlobalSection
	GlobalSection(SolutionProperties) = preSolution
		HideSolutionNode = FALSE
	EndGlobalSection
	GlobalSection(NestedProjects) = preSolution
		{28949D7A-73D0-4BBB-A027-26C9C6924A68} = {39F93638-504C-4B8C-B70F-25E8E562FF4C}
		{26CBB710-8264-4F3E-8A0C-6348D1558FCC} = {39F93638-504C-4B8C-B70F-25E8E562FF4C}
		{4EA41720-0811-41AB-AE68-A4DFDFCCA496} = {39F93638-504C-4B8C-B70F-25E8E562FF4C}
		{737C9A98-439A-4C1E-AC6F-F7B5798FDABB} = {39F93638-504C-4B8C-B70F-25E8E562FF4C}
		{86BF9401-9829-4E7B-AE5A-4F02F6FF175F} = {39F93638-504C-4B8C-B70F-25E8E562FF4C}
	EndGlobalSection
	GlobalSection(ExtensibilityGlobals) = postSolution
		SolutionGuid = {2381DB2E-4B8B-402A-88EA-6C9A4BE916A1}
	EndGlobalSection
EndGlobal
